
Microsoft Visual Studio Solution File, Format Version 12.00
# Visual Studio Version 17
VisualStudioVersion = 17.7.34031.279
MinimumVisualStudioVersion = 10.0.40219.1
Project("{FAE04EC0-301F-11D3-BF4B-00C04F79EFBC}") = "MojeRozgrywki", "MojeRozgrywki\MojeRozgrywki.csproj", "{89907EA1-0C3D-4A4B-AD46-E2E17BEF78F5}"
EndProject
Global
	GlobalSection(SolutionConfigurationPlatforms) = preSolution
		Debug|Any CPU = Debug|Any CPU
		Release|Any CPU = Release|Any CPU
	EndGlobalSection
	GlobalSection(ProjectConfigurationPlatforms) = postSolution
		{89907EA1-0C3D-4A4B-AD46-E2E17BEF78F5}.Debug|Any CPU.ActiveCfg = Debug|Any CPU
		{89907EA1-0C3D-4A4B-AD46-E2E17BEF78F5}.Debug|Any CPU.Build.0 = Debug|Any CPU
		{89907EA1-0C3D-4A4B-AD46-E2E17BEF78F5}.Release|Any CPU.ActiveCfg = Release|Any CPU
		{89907EA1-0C3D-4A4B-AD46-E2E17BEF78F5}.Release|Any CPU.Build.0 = Release|Any CPU
	EndGlobalSection
	GlobalSection(SolutionProperties) = preSolution
		HideSolutionNode = FALSE
	EndGlobalSection
	GlobalSection(ExtensibilityGlobals) = postSolution
		SolutionGuid = {DCB65E4D-39B2-4BAD-AC71-9825D850EF9C}
	EndGlobalSection
EndGlobal
